
Microsoft Visual Studio Solution File, Format Version 12.00
# Visual Studio 15
VisualStudioVersion = 15.0.26403.7
MinimumVisualStudioVersion = 10.0.40219.1
Project("{FAE04EC0-301F-11D3-BF4B-00C04F79EFBC}") = "WebsiteV1.0", "WebsiteV1.0\WebsiteV1.0.csproj", "{F457F090-08BD-4563-8ED9-49DD4C734E1B}"
EndProject
Global
	GlobalSection(SolutionConfigurationPlatforms) = preSolution
		Debug|Any CPU = Debug|Any CPU
		Release|Any CPU = Release|Any CPU
	EndGlobalSection
	GlobalSection(ProjectConfigurationPlatforms) = postSolution
		{F457F090-08BD-4563-8ED9-49DD4C734E1B}.Debug|Any CPU.ActiveCfg = Debug|Any CPU
		{F457F090-08BD-4563-8ED9-49DD4C734E1B}.Debug|Any CPU.Build.0 = Debug|Any CPU
		{F457F090-08BD-4563-8ED9-49DD4C734E1B}.Release|Any CPU.ActiveCfg = Release|Any CPU
		{F457F090-08BD-4563-8ED9-49DD4C734E1B}.Release|Any CPU.Build.0 = Release|Any CPU
	EndGlobalSection
	GlobalSection(SolutionProperties) = preSolution
		HideSolutionNode = FALSE
	EndGlobalSection
EndGlobal
